
Microsoft Visual Studio Solution File, Format Version 12.00
# Visual Studio Version 17
VisualStudioVersion = 17.1.32414.318
MinimumVisualStudioVersion = 10.0.40219.1
Project("{8BC9CEB8-8B4A-11D0-8D11-00A0C91BC942}") = "Shooting_Game", "Shooting_Game.vcxproj", "{9F45F485-D6BD-4586-9B60-20BB1DDA814F}"
EndProject
Global
	GlobalSection(SolutionConfigurationPlatforms) = preSolution
		Debug|x64 = Debug|x64
		Debug|x86 = Debug|x86
		Release|x64 = Release|x64
		Release|x86 = Release|x86
	EndGlobalSection
	GlobalSection(ProjectConfigurationPlatforms) = postSolution
		{9F45F485-D6BD-4586-9B60-20BB1DDA814F}.Debug|x64.ActiveCfg = Debug|x64
		{9F45F485-D6BD-4586-9B60-20BB1DDA814F}.Debug|x64.Build.0 = Debug|x64
		{9F45F485-D6BD-4586-9B60-20BB1DDA814F}.Debug|x86.ActiveCfg = Debug|Win32
		{9F45F485-D6BD-4586-9B60-20BB1DDA814F}.Debug|x86.Build.0 = Debug|Win32
		{9F45F485-D6BD-4586-9B60-20BB1DDA814F}.Release|x64.ActiveCfg = Release|x64
		{9F45F485-D6BD-4586-9B60-20BB1DDA814F}.Release|x64.Build.0 = Release|x64
		{9F45F485-D6BD-4586-9B60-20BB1DDA814F}.Release|x86.ActiveCfg = Release|Win32
		{9F45F485-D6BD-4586-9B60-20BB1DDA814F}.Release|x86.Build.0 = Release|Win32
	EndGlobalSection
	GlobalSection(SolutionProperties) = preSolution
		HideSolutionNode = FALSE
	EndGlobalSection
	GlobalSection(ExtensibilityGlobals) = postSolution
		SolutionGuid = {4D37F484-3257-4B6C-BA7C-B222139EB0C0}
	EndGlobalSection
EndGlobal
